
Microsoft Visual Studio Solution File, Format Version 12.00
# Visual Studio Version 17
VisualStudioVersion = 17.2.32526.322
MinimumVisualStudioVersion = 10.0.40219.1
Project("{FAE04EC0-301F-11D3-BF4B-00C04F79EFBC}") = "ApiPersonajesJavierPantoja", "ApiPersonajesJavierPantoja\ApiPersonajesJavierPantoja.csproj", "{5ED3D30F-4506-4E26-9C7A-A18264E61E24}"
EndProject
Global
	GlobalSection(SolutionConfigurationPlatforms) = preSolution
		Debug|Any CPU = Debug|Any CPU
		Release|Any CPU = Release|Any CPU
	EndGlobalSection
	GlobalSection(ProjectConfigurationPlatforms) = postSolution
		{5ED3D30F-4506-4E26-9C7A-A18264E61E24}.Debug|Any CPU.ActiveCfg = Debug|Any CPU
		{5ED3D30F-4506-4E26-9C7A-A18264E61E24}.Debug|Any CPU.Build.0 = Debug|Any CPU
		{5ED3D30F-4506-4E26-9C7A-A18264E61E24}.Release|Any CPU.ActiveCfg = Release|Any CPU
		{5ED3D30F-4506-4E26-9C7A-A18264E61E24}.Release|Any CPU.Build.0 = Release|Any CPU
	EndGlobalSection
	GlobalSection(SolutionProperties) = preSolution
		HideSolutionNode = FALSE
	EndGlobalSection
	GlobalSection(ExtensibilityGlobals) = postSolution
		SolutionGuid = {E2EB5D7F-7761-46A0-9A1D-308B2E14652C}
	EndGlobalSection
EndGlobal
